// !$*UTF8*$!
{
	archiveVersion = 1;
	classes = {
	};
	objectVersion = 50;
	objects = {

/* Begin PBXBuildFile section */
		AD3EBF6A23F908D9002BDEDE /* SenderView.swift in Sources */ = {isa = PBXBuildFile; fileRef = AD3EBF6923F908D9002BDEDE /* SenderView.swift */; };
		AD61BA2623F7C8750098896F /* AppDelegate.swift in Sources */ = {isa = PBXBuildFile; fileRef = AD61BA2523F7C8750098896F /* AppDelegate.swift */; };
		AD61BA2823F7C8750098896F /* SceneDelegate.swift in Sources */ = {isa = PBXBuildFile; fileRef = AD61BA2723F7C8750098896F /* SceneDelegate.swift */; };
		AD61BA2B23F7C8750098896F /* SavingImgCoreData.xcdatamodeld in Sources */ = {isa = PBXBuildFile; fileRef = AD61BA2923F7C8750098896F /* SavingImgCoreData.xcdatamodeld */; };
		AD61BA2D23F7C8750098896F /* ContentView.swift in Sources */ = {isa = PBXBuildFile; fileRef = AD61BA2C23F7C8750098896F /* ContentView.swift */; };
		AD61BA2F23F7C8770098896F /* Assets.xcassets in Resources */ = {isa = PBXBuildFile; fileRef = AD61BA2E23F7C8770098896F /* Assets.xcassets */; };
		AD61BA3223F7C8770098896F /* Preview Assets.xcassets in Resources */ = {isa = PBXBuildFile; fileRef = AD61BA3123F7C8770098896F /* Preview Assets.xcassets */; };
		AD61BA3523F7C8770098896F /* LaunchScreen.storyboard in Resources */ = {isa = PBXBuildFile; fileRef = AD61BA3323F7C8770098896F /* LaunchScreen.storyboard */; };
		AD61BA3E23F7C9570098896F /* Saving+CoreDataClass.swift in Sources */ = {isa = PBXBuildFile; fileRef = AD61BA3C23F7C9570098896F /* Saving+CoreDataClass.swift */; };
		AD61BA3F23F7C9570098896F /* Saving+CoreDataProperties.swift in Sources */ = {isa = PBXBuildFile; fileRef = AD61BA3D23F7C9570098896F /* Saving+CoreDataProperties.swift */; };
/* End PBXBuildFile section */

/* Begin PBXFileReference section */
		AD3EBF6923F908D9002BDEDE /* SenderView.swift */ = {isa = PBXFileReference; lastKnownFileType = sourcecode.swift; path = SenderView.swift; sourceTree = "<group>"; };
		AD61BA2223F7C8750098896F /* SavingImgCoreData.app */ = {isa = PBXFileReference; explicitFileType = wrapper.application; includeInIndex = 0; path = SavingImgCoreData.app; sourceTree = BUILT_PRODUCTS_DIR; };
		AD61BA2523F7C8750098896F /* AppDelegate.swift */ = {isa = PBXFileReference; lastKnownFileType = sourcecode.swift; path = AppDelegate.swift; sourceTree = "<group>"; };
		AD61BA2723F7C8750098896F /* SceneDelegate.swift */ = {isa = PBXFileReference; lastKnownFileType = sourcecode.swift; path = SceneDelegate.swift; sourceTree = "<group>"; };
		AD61BA2A23F7C8750098896F /* SavingImgCoreData.xcdatamodel */ = {isa = PBXFileReference; lastKnownFileType = wrapper.xcdatamodel; path = SavingImgCoreData.xcdatamodel; sourceTree = "<group>"; };
		AD61BA2C23F7C8750098896F /* ContentView.swift */ = {isa = PBXFileReference; lastKnownFileType = sourcecode.swift; path = ContentView.swift; sourceTree = "<group>"; };
		AD61BA2E23F7C8770098896F /* Assets.xcassets */ = {isa = PBXFileReference; lastKnownFileType = folder.assetcatalog; path = Assets.xcassets; sourceTree = "<group>"; };
		AD61BA3123F7C8770098896F /* Preview Assets.xcassets */ = {isa = PBXFileReference; lastKnownFileType = folder.assetcatalog; path = "Preview Assets.xcassets"; sourceTree = "<group>"; };
		AD61BA3423F7C8770098896F /* Base */ = {isa = PBXFileReference; lastKnownFileType = file.storyboard; name = Base; path = Base.lproj/LaunchScreen.storyboard; sourceTree = "<group>"; };
		AD61BA3623F7C8770098896F /* Info.plist */ = {isa = PBXFileReference; lastKnownFileType = text.plist.xml; path = Info.plist; sourceTree = "<group>"; };
		AD61BA3C23F7C9570098896F /* Saving+CoreDataClass.swift */ = {isa = PBXFileReference; lastKnownFileType = sourcecode.swift; path = "Saving+CoreDataClass.swift"; sourceTree = SOURCE_ROOT; };
		AD61BA3D23F7C9570098896F /* Saving+CoreDataProperties.swift */ = {isa = PBXFileReference; lastKnownFileType = sourcecode.swift; path = "Saving+CoreDataProperties.swift"; sourceTree = SOURCE_ROOT; };
/* End PBXFileReference section */

/* Begin PBXFrameworksBuildPhase section */
		AD61BA1F23F7C8750098896F /* Frameworks */ = {
			isa = PBXFrameworksBuildPhase;
			buildActionMask = 2147483647;
			files = (
			);
			runOnlyForDeploymentPostprocessing = 0;
		};
/* End PBXFrameworksBuildPhase section */

/* Begin PBXGroup section */
		AD61BA1923F7C8750098896F = {
			isa = PBXGroup;
			children = (
				AD61BA2423F7C8750098896F /* SavingImgCoreData */,
				AD61BA2323F7C8750098896F /* Products */,
			);
			sourceTree = "<group>";
		};
		AD61BA2323F7C8750098896F /* Products */ = {
			isa = PBXGroup;
			children = (
				AD61BA2223F7C8750098896F /* SavingImgCoreData.app */,
			);
			name = Products;
			sourceTree = "<group>";
		};
		AD61BA2423F7C8750098896F /* SavingImgCoreData */ = {
			isa = PBXGroup;
			children = (
				AD61BA3C23F7C9570098896F /* Saving+CoreDataClass.swift */,
				AD61BA3D23F7C9570098896F /* Saving+CoreDataProperties.swift */,
				AD61BA2523F7C8750098896F /* AppDelegate.swift */,
				AD61BA2723F7C8750098896F /* SceneDelegate.swift */,
				AD61BA2C23F7C8750098896F /* ContentView.swift */,
				AD61BA2E23F7C8770098896F /* Assets.xcassets */,
				AD61BA3323F7C8770098896F /* LaunchScreen.storyboard */,
				AD61BA3623F7C8770098896F /* Info.plist */,
				AD61BA2923F7C8750098896F /* SavingImgCoreData.xcdatamodeld */,
				AD61BA3023F7C8770098896F /* Preview Content */,
				AD3EBF6923F908D9002BDEDE /* SenderView.swift */,
			);
			path = SavingImgCoreData;
			sourceTree = "<group>";
		};
		AD61BA3023F7C8770098896F /* Preview Content */ = {
			isa = PBXGroup;
			children = (
				AD61BA3123F7C8770098896F /* Preview Assets.xcassets */,
			);
			path = "Preview Content";
			sourceTree = "<group>";
		};
/* End PBXGroup section */

/* Begin PBXNativeTarget section */
		AD61BA2123F7C8750098896F /* SavingImgCoreData */ = {
			isa = PBXNativeTarget;
			buildConfigurationList = AD61BA3923F7C8770098896F /* Build configuration list for PBXNativeTarget "SavingImgCoreData" */;
			buildPhases = (
				AD61BA1E23F7C8750098896F /* Sources */,
				AD61BA1F23F7C8750098896F /* Frameworks */,
				AD61BA2023F7C8750098896F /* Resources */,
			);
			buildRules = (
			);
			dependencies = (
			);
			name = SavingImgCoreData;
			productName = SavingImgCoreData;
			productReference = AD61BA2223F7C8750098896F /* SavingImgCoreData.app */;
			productType = "com.apple.product-type.application";
		};
/* End PBXNativeTarget section */

/* Begin PBXProject section */
		AD61BA1A23F7C8750098896F /* Project object */ = {
			isa = PBXProject;
			attributes = {
				LastSwiftUpdateCheck = 1130;
				LastUpgradeCheck = 1130;
				ORGANIZATIONNAME = BaraLabs;
				TargetAttributes = {
					AD61BA2123F7C8750098896F = {
						CreatedOnToolsVersion = 11.3.1;
					};
				};
			};
			buildConfigurationList = AD61BA1D23F7C8750098896F /* Build configuration list for PBXProject "SavingImgCoreData" */;
			compatibilityVersion = "Xcode 9.3";
			developmentRegion = en;
			hasScannedForEncodings = 0;
			knownRegions = (
				en,
				Base,
			);
			mainGroup = AD61BA1923F7C8750098896F;
			productRefGroup = AD61BA2323F7C8750098896F /* Products */;
			projectDirPath = "";
			projectRoot = "";
			targets = (
				AD61BA2123F7C8750098896F /* SavingImgCoreData */,
			);
		};
/* End PBXProject section */

/* Begin PBXResourcesBuildPhase section */
		AD61BA2023F7C8750098896F /* Resources */ = {
			isa = PBXResourcesBuildPhase;
			buildActionMask = 2147483647;
			files = (
				AD61BA3523F7C8770098896F /* LaunchScreen.storyboard in Resources */,
				AD61BA3223F7C8770098896F /* Preview Assets.xcassets in Resources */,
				AD61BA2F23F7C8770098896F /* Assets.xcassets in Resources */,
			);
			runOnlyForDeploymentPostprocessing = 0;
		};
/* End PBXResourcesBuildPhase section */

/* Begin PBXSourcesBuildPhase section */
		AD61BA1E23F7C8750098896F /* Sources */ = {
			isa = PBXSourcesBuildPhase;
			buildActionMask = 2147483647;
			files = (
				AD61BA2623F7C8750098896F /* AppDelegate.swift in Sources */,
				AD3EBF6A23F908D9002BDEDE /* SenderView.swift in Sources */,
				AD61BA2B23F7C8750098896F /* SavingImgCoreData.xcdatamodeld in Sources */,
				AD61BA2D23F7C8750098896F /* ContentView.swift in Sources */,
				AD61BA2823F7C8750098896F /* SceneDelegate.swift in Sources */,
				AD61BA3E23F7C9570098896F /* Saving+CoreDataClass.swift in Sources */,
				AD61BA3F23F7C9570098896F /* Saving+CoreDataProperties.swift in Sources */,
			);
			runOnlyForDeploymentPostprocessing = 0;
		};
/* End PBXSourcesBuildPhase section */

/* Begin PBXVariantGroup section */
		AD61BA3323F7C8770098896F /* LaunchScreen.storyboard */ = {
			isa = PBXVariantGroup;
			children = (
				AD61BA3423F7C8770098896F /* Base */,
			);
			name = LaunchScreen.storyboard;
			sourceTree = "<group>";
		};
/* End PBXVariantGroup section */

/* Begin XCBuildConfiguration section */
		AD61BA3723F7C8770098896F /* Debug */ = {
			isa = XCBuildConfiguration;
			buildSettings = {
				ALWAYS_SEARCH_USER_PATHS = NO;
				CLANG_ANALYZER_NONNULL = YES;
				CLANG_ANALYZER_NUMBER_OBJECT_CONVERSION = YES_AGGRESSIVE;
				CLANG_CXX_LANGUAGE_STANDARD = "gnu++14";
				CLANG_CXX_LIBRARY = "libc++";
				CLANG_ENABLE_MODULES = YES;
				CLANG_ENABLE_OBJC_ARC = YES;
				CLANG_ENABLE_OBJC_WEAK = YES;
				CLANG_WARN_BLOCK_CAPTURE_AUTORELEASING = YES;
				CLANG_WARN_BOOL_CONVERSION = YES;
				CLANG_WARN_COMMA = YES;
				CLANG_WARN_CONSTANT_CONVERSION = YES;
				CLANG_WARN_DEPRECATED_OBJC_IMPLEMENTATIONS = YES;
				CLANG_WARN_DIRECT_OBJC_ISA_USAGE = YES_ERROR;
				CLANG_WARN_DOCUMENTATION_COMMENTS = YES;
				CLANG_WARN_EMPTY_BODY = YES;
				CLANG_WARN_ENUM_CONVERSION = YES;
				CLANG_WARN_INFINITE_RECURSION = YES;
				CLANG_WARN_INT_CONVERSION = YES;
				CLANG_WARN_NON_LITERAL_NULL_CONVERSION = YES;
				CLANG_WARN_OBJC_IMPLICIT_RETAIN_SELF = YES;
				CLANG_WARN_OBJC_LITERAL_CONVERSION = YES;
				CLANG_WARN_OBJC_ROOT_CLASS = YES_ERROR;
				CLANG_WARN_RANGE_LOOP_ANALYSIS = YES;
				CLANG_WARN_STRICT_PROTOTYPES = YES;
				CLANG_WARN_SUSPICIOUS_MOVE = YES;
				CLANG_WARN_UNGUARDED_AVAILABILITY = YES_AGGRESSIVE;
				CLANG_WARN_UNREACHABLE_CODE = YES;
				CLANG_WARN__DUPLICATE_METHOD_MATCH = YES;
				COPY_PHASE_STRIP = NO;
				DEBUG_INFORMATION_FORMAT = dwarf;
				ENABLE_STRICT_OBJC_MSGSEND = YES;
				ENABLE_TESTABILITY = YES;
				GCC_C_LANGUAGE_STANDARD = gnu11;
				GCC_DYNAMIC_NO_PIC = NO;
				GCC_NO_COMMON_BLOCKS = YES;
				GCC_OPTIMIZATION_LEVEL = 0;
				GCC_PREPROCESSOR_DEFINITIONS = (
					"DEBUG=1",
					"$(inherited)",
				);
				GCC_WARN_64_TO_32_BIT_CONVERSION = YES;
				GCC_WARN_ABOUT_RETURN_TYPE = YES_ERROR;
				GCC_WARN_UNDECLARED_SELECTOR = YES;
				GCC_WARN_UNINITIALIZED_AUTOS = YES_AGGRESSIVE;
				GCC_WARN_UNUSED_FUNCTION = YES;
				GCC_WARN_UNUSED_VARIABLE = YES;
				IPHONEOS_DEPLOYMENT_TARGET = 13.2;
				MTL_ENABLE_DEBUG_INFO = INCLUDE_SOURCE;
				MTL_FAST_MATH = YES;
				ONLY_ACTIVE_ARCH = YES;
				SDKROOT = iphoneos;
				SWIFT_ACTIVE_COMPILATION_CONDITIONS = DEBUG;
				SWIFT_OPTIMIZATION_LEVEL = "-Onone";
			};
			name = Debug;
		};
		AD61BA3823F7C8770098896F /* Release */ = {
			isa = XCBuildConfiguration;
			buildSettings = {
				ALWAYS_SEARCH_USER_PATHS = NO;
				CLANG_ANALYZER_NONNULL = YES;
				CLANG_ANALYZER_NUMBER_OBJECT_CONVERSION = YES_AGGRESSIVE;
				CLANG_CXX_LANGUAGE_STANDARD = "gnu++14";
				CLANG_CXX_LIBRARY = "libc++";
				CLANG_ENABLE_MODULES = YES;
				CLANG_ENABLE_OBJC_ARC = YES;
				CLANG_ENABLE_OBJC_WEAK = YES;
				CLANG_WARN_BLOCK_CAPTURE_AUTORELEASING = YES;
				CLANG_WARN_BOOL_CONVERSION = YES;
				CLANG_WARN_COMMA = YES;
				CLANG_WARN_CONSTANT_CONVERSION = YES;
				CLANG_WARN_DEPRECATED_OBJC_IMPLEMENTATIONS = YES;
				CLANG_WARN_DIRECT_OBJC_ISA_USAGE = YES_ERROR;
				CLANG_WARN_DOCUMENTATION_COMMENTS = YES;
				CLANG_WARN_EMPTY_BODY = YES;
				CLANG_WARN_ENUM_CONVERSION = YES;
				CLANG_WARN_INFINITE_RECURSION = YES;
				CLANG_WARN_INT_CONVERSION = YES;
				CLANG_WARN_NON_LITERAL_NULL_CONVERSION = YES;
				CLANG_WARN_OBJC_IMPLICIT_RETAIN_SELF = YES;
				CLANG_WARN_OBJC_LITERAL_CONVERSION = YES;
				CLANG_WARN_OBJC_ROOT_CLASS = YES_ERROR;
				CLANG_WARN_RANGE_LOOP_ANALYSIS = YES;
				CLANG_WARN_STRICT_PROTOTYPES = YES;
				CLANG_WARN_SUSPICIOUS_MOVE = YES;
				CLANG_WARN_UNGUARDED_AVAILABILITY = YES_AGGRESSIVE;
				CLANG_WARN_UNREACHABLE_CODE = YES;
				CLANG_WARN__DUPLICATE_METHOD_MATCH = YES;
				COPY_PHASE_STRIP = NO;
				DEBUG_INFORMATION_FORMAT = "dwarf-with-dsym";
				ENABLE_NS_ASSERTIONS = NO;
				ENABLE_STRICT_OBJC_MSGSEND = YES;
				GCC_C_LANGUAGE_STANDARD = gnu11;
				GCC_NO_COMMON_BLOCKS = YES;
				GCC_WARN_64_TO_32_BIT_CONVERSION = YES;
				GCC_WARN_ABOUT_RETURN_TYPE = YES_ERROR;
				GCC_WARN_UNDECLARED_SELECTOR = YES;
				GCC_WARN_UNINITIALIZED_AUTOS = YES_AGGRESSIVE;
				GCC_WARN_UNUSED_FUNCTION = YES;
				GCC_WARN_UNUSED_VARIABLE = YES;
				IPHONEOS_DEPLOYMENT_TARGET = 13.2;
				MTL_ENABLE_DEBUG_INFO = NO;
				MTL_FAST_MATH = YES;
				SDKROOT = iphoneos;
				SWIFT_COMPILATION_MODE = wholemodule;
				SWIFT_OPTIMIZATION_LEVEL = "-O";
				VALIDATE_PRODUCT = YES;
			};
			name = Release;
		};
		AD61BA3A23F7C8770098896F /* Debug */ = {
			isa = XCBuildConfiguration;
			buildSettings = {
				ASSETCATALOG_COMPILER_APPICON_NAME = AppIcon;
				CODE_SIGN_STYLE = Automatic;
				DEVELOPMENT_ASSET_PATHS = "\"SavingImgCoreData/Preview Content\"";
				DEVELOPMENT_TEAM = CF655ESNGC;
				ENABLE_PREVIEWS = YES;
				INFOPLIST_FILE = SavingImgCoreData/Info.plist;
				LD_RUNPATH_SEARCH_PATHS = (
					"$(inherited)",
					"@executable_path/Frameworks",
				);
				PRODUCT_BUNDLE_IDENTIFIER = com.baralabs.SavingImgCoreData;
				PRODUCT_NAME = "$(TARGET_NAME)";
				SWIFT_VERSION = 5.0;
				TARGETED_DEVICE_FAMILY = "1,2";
			};
			name = Debug;
		};
		AD61BA3B23F7C8770098896F /* Release */ = {
			isa = XCBuildConfiguration;
			buildSettings = {
				ASSETCATALOG_COMPILER_APPICON_NAME = AppIcon;
				CODE_SIGN_STYLE = Automatic;
				DEVELOPMENT_ASSET_PATHS = "\"SavingImgCoreData/Preview Content\"";
				DEVELOPMENT_TEAM = CF655ESNGC;
				ENABLE_PREVIEWS = YES;
				INFOPLIST_FILE = SavingImgCoreData/Info.plist;
				LD_RUNPATH_SEARCH_PATHS = (
					"$(inherited)",
					"@executable_path/Frameworks",
				);
				PRODUCT_BUNDLE_IDENTIFIER = com.baralabs.SavingImgCoreData;
				PRODUCT_NAME = "$(TARGET_NAME)";
				SWIFT_VERSION = 5.0;
				TARGETED_DEVICE_FAMILY = "1,2";
			};
			name = Release;
		};
/* End XCBuildConfiguration section */

/* Begin XCConfigurationList section */
		AD61BA1D23F7C8750098896F /* Build configuration list for PBXProject "SavingImgCoreData" */ = {
			isa = XCConfigurationList;
			buildConfigurations = (
				AD61BA3723F7C8770098896F /* Debug */,
				AD61BA3823F7C8770098896F /* Release */,
			);
			defaultConfigurationIsVisible = 0;
			defaultConfigurationName = Release;
		};
		AD61BA3923F7C8770098896F /* Build configuration list for PBXNativeTarget "SavingImgCoreData" */ = {
			isa = XCConfigurationList;
			buildConfigurations = (
				AD61BA3A23F7C8770098896F /* Debug */,
				AD61BA3B23F7C8770098896F /* Release */,
			);
			defaultConfigurationIsVisible = 0;
			defaultConfigurationName = Release;
		};
/* End XCConfigurationList section */

/* Begin XCVersionGroup section */
		AD61BA2923F7C8750098896F /* SavingImgCoreData.xcdatamodeld */ = {
			isa = XCVersionGroup;
			children = (
				AD61BA2A23F7C8750098896F /* SavingImgCoreData.xcdatamodel */,
			);
			currentVersion = AD61BA2A23F7C8750098896F /* SavingImgCoreData.xcdatamodel */;
			path = SavingImgCoreData.xcdatamodeld;
			sourceTree = "<group>";
			versionGroupType = wrapper.xcdatamodel;
		};
/* End XCVersionGroup section */
	};
	rootObject = AD61BA1A23F7C8750098896F /* Project object */;
}
